{
  "name": "vscode-chrome-debug-core-testsupport",
  "version": "3.20.0",
  "lockfileVersion": 1,
  "requires": true,
  "dependencies": {
    "@types/node": {
      "version": "https://registry.npmjs.org/@types/node/-/node-7.0.8.tgz",
      "integrity": "sha1-JeTdgEtjDJFq5nEjPm1x9s4YEko=",
      "dev": true
    },
    "@types/source-map": {
      "version": "https://registry.npmjs.org/@types/source-map/-/source-map-0.1.29.tgz",
      "integrity": "sha1-1wSKYBgLCfiqbVO9oxHGtRy9cBg=",
      "dev": true
    },
    "agent-base": {
      "version": "https://registry.npmjs.org/agent-base/-/agent-base-1.0.2.tgz",
      "integrity": "sha1-aJDT+yFwBLYrcPiSjg+uX4lSpwY=",
      "dev": true
    },
    "balanced-match": {
      "version": "https://registry.npmjs.org/balanced-match/-/balanced-match-1.0.0.tgz",
      "integrity": "sha1-ibTRmasr7kneFk6gK4nORi1xt2c=",
      "dev": true
    },
    "brace-expansion": {
      "version": "https://registry.npmjs.org/brace-expansion/-/brace-expansion-1.1.8.tgz",
      "integrity": "sha1-wHshHHyVLsH479Uad+8NHTmQopI=",
      "dev": true,
      "requires": {
        "balanced-match": "https://registry.npmjs.org/balanced-match/-/balanced-match-1.0.0.tgz",
        "concat-map": "https://registry.npmjs.org/concat-map/-/concat-map-0.0.1.tgz"
      }
    },
    "concat-map": {
      "version": "https://registry.npmjs.org/concat-map/-/concat-map-0.0.1.tgz",
      "integrity": "sha1-2Klr13/Wjfd5OnMDajug1UBdR3s=",
      "dev": true
    },
    "debug": {
      "version": "https://registry.npmjs.org/debug/-/debug-2.6.9.tgz",
      "integrity": "sha1-XRKFFd8TT/Mn6QpMk/Tgd6U2NB8=",
      "dev": true,
      "requires": {
        "ms": "https://registry.npmjs.org/ms/-/ms-2.0.0.tgz"
      }
    },
    "extend": {
      "version": "https://registry.npmjs.org/extend/-/extend-3.0.1.tgz",
      "integrity": "sha1-p1Xqe8Gt/MWjHOfnYtuq3F5jZEQ=",
      "dev": true
    },
    "fs.realpath": {
      "version": "https://registry.npmjs.org/fs.realpath/-/fs.realpath-1.0.0.tgz",
      "integrity": "sha1-FQStJSMVjKpA20onh8sBQRmU6k8=",
      "dev": true
    },
    "glob": {
      "version": "https://registry.npmjs.org/glob/-/glob-7.1.2.tgz",
      "integrity": "sha1-wZyd+aAocC1nhhI4SmVSQExjbRU=",
      "dev": true,
      "requires": {
        "fs.realpath": "https://registry.npmjs.org/fs.realpath/-/fs.realpath-1.0.0.tgz",
        "inflight": "https://registry.npmjs.org/inflight/-/inflight-1.0.6.tgz",
        "inherits": "https://registry.npmjs.org/inherits/-/inherits-2.0.3.tgz",
        "minimatch": "https://registry.npmjs.org/minimatch/-/minimatch-3.0.4.tgz",
        "once": "https://registry.npmjs.org/once/-/once-1.4.0.tgz",
        "path-is-absolute": "https://registry.npmjs.org/path-is-absolute/-/path-is-absolute-1.0.1.tgz"
      }
    },
    "http-proxy-agent": {
      "version": "https://registry.npmjs.org/http-proxy-agent/-/http-proxy-agent-0.2.7.tgz",
      "integrity": "sha1-4X/aZfCQLZUs55IeYsf/iGJlWl4=",
      "dev": true,
      "requires": {
        "agent-base": "https://registry.npmjs.org/agent-base/-/agent-base-1.0.2.tgz",
        "debug": "https://registry.npmjs.org/debug/-/debug-2.6.9.tgz",
        "extend": "https://registry.npmjs.org/extend/-/extend-3.0.1.tgz"
      }
    },
    "https-proxy-agent": {
      "version": "https://registry.npmjs.org/https-proxy-agent/-/https-proxy-agent-0.3.6.tgz",
      "integrity": "sha1-cT+jjl01P1DrFKNC/r4pAz7RYZs=",
      "dev": true,
      "requires": {
        "agent-base": "https://registry.npmjs.org/agent-base/-/agent-base-1.0.2.tgz",
        "debug": "https://registry.npmjs.org/debug/-/debug-2.6.9.tgz",
        "extend": "https://registry.npmjs.org/extend/-/extend-3.0.1.tgz"
      }
    },
    "inflight": {
      "version": "https://registry.npmjs.org/inflight/-/inflight-1.0.6.tgz",
      "integrity": "sha1-Sb1jMdfQLQwJvJEKEHW6gWW1bfk=",
      "dev": true,
      "requires": {
        "once": "https://registry.npmjs.org/once/-/once-1.4.0.tgz",
        "wrappy": "https://registry.npmjs.org/wrappy/-/wrappy-1.0.2.tgz"
      }
    },
    "inherits": {
      "version": "https://registry.npmjs.org/inherits/-/inherits-2.0.3.tgz",
      "integrity": "sha1-Yzwsg+PaQqUC9SRmAiSA9CCCYd4=",
      "dev": true
    },
    "minimatch": {
      "version": "https://registry.npmjs.org/minimatch/-/minimatch-3.0.4.tgz",
      "integrity": "sha1-UWbihkV/AzBgZL5Ul+jbsMPTIIM=",
      "dev": true,
      "requires": {
        "brace-expansion": "https://registry.npmjs.org/brace-expansion/-/brace-expansion-1.1.8.tgz"
      }
    },
    "ms": {
      "version": "https://registry.npmjs.org/ms/-/ms-2.0.0.tgz",
      "integrity": "sha1-VgiurfwAvmwpAd9fmGF4jeDVl8g=",
      "dev": true
    },
    "noice-json-rpc": {
      "version": "https://registry.npmjs.org/noice-json-rpc/-/noice-json-rpc-1.0.1.tgz",
      "integrity": "sha1-XnKJpgocIIgEicsVEBVSusOSJm4=",
      "dev": true
    },
    "once": {
      "version": "https://registry.npmjs.org/once/-/once-1.4.0.tgz",
      "integrity": "sha1-WDsap3WWHUsROsF9nFC6753Xa9E=",
      "dev": true,
      "requires": {
        "wrappy": "https://registry.npmjs.org/wrappy/-/wrappy-1.0.2.tgz"
      }
    },
    "options": {
      "version": "https://registry.npmjs.org/options/-/options-0.0.6.tgz",
      "integrity": "sha1-7CLTEoBrtT5zF3Pnza788cZDEo8=",
      "dev": true
    },
    "path-is-absolute": {
      "version": "https://registry.npmjs.org/path-is-absolute/-/path-is-absolute-1.0.1.tgz",
      "integrity": "sha1-F0uSaHNVNP+8es5r9TpanhtcX18=",
      "dev": true
    },
    "request-light": {
      "version": "https://registry.npmjs.org/request-light/-/request-light-0.1.0.tgz",
      "integrity": "sha1-/mXd/7suh5RPDMr9hcuDnpE4U0U=",
      "dev": true,
      "requires": {
        "http-proxy-agent": "https://registry.npmjs.org/http-proxy-agent/-/http-proxy-agent-0.2.7.tgz",
        "https-proxy-agent": "https://registry.npmjs.org/https-proxy-agent/-/https-proxy-agent-0.3.6.tgz",
        "vscode-nls": "https://registry.npmjs.org/vscode-nls/-/vscode-nls-1.0.7.tgz"
      },
      "dependencies": {
        "vscode-nls": {
          "version": "https://registry.npmjs.org/vscode-nls/-/vscode-nls-1.0.7.tgz",
          "integrity": "sha1-KYwB/Oh4AsZEwKFe9SajPGLA1Y4=",
          "dev": true
        }
      }
    },
    "source-map": {
      "version": "https://registry.npmjs.org/source-map/-/source-map-0.5.7.tgz",
      "integrity": "sha1-igOdLRAh0i0eoUyA2OpGi6LvP8w=",
      "dev": true
    },
    "typescript": {
      "version": "https://registry.npmjs.org/typescript/-/typescript-2.4.2.tgz",
      "integrity": "sha1-+DlfhdRZJ2BnyYiqQYN6j4KHCEQ=",
      "dev": true
    },
    "ultron": {
      "version": "https://registry.npmjs.org/ultron/-/ultron-1.0.2.tgz",
      "integrity": "sha1-rOEWq1V80Zc4ak6I9GhTeMiy5Po=",
      "dev": true
    },
    "vscode-chrome-debug-core": {
      "version": "https://registry.npmjs.org/vscode-chrome-debug-core/-/vscode-chrome-debug-core-3.17.8.tgz",
      "integrity": "sha1-u4uvkmf4BWKpwiIKTzku3MEyJic=",
      "dev": true,
      "requires": {
        "@types/source-map": "https://registry.npmjs.org/@types/source-map/-/source-map-0.1.29.tgz",
        "glob": "https://registry.npmjs.org/glob/-/glob-7.1.2.tgz",
        "noice-json-rpc": "https://registry.npmjs.org/noice-json-rpc/-/noice-json-rpc-1.0.1.tgz",
        "request-light": "https://registry.npmjs.org/request-light/-/request-light-0.1.0.tgz",
        "source-map": "https://registry.npmjs.org/source-map/-/source-map-0.5.7.tgz",
        "vscode-debugadapter": "https://registry.npmjs.org/vscode-debugadapter/-/vscode-debugadapter-1.24.0.tgz",
        "vscode-debugprotocol": "https://registry.npmjs.org/vscode-debugprotocol/-/vscode-debugprotocol-1.24.0.tgz",
        "vscode-nls": "https://registry.npmjs.org/vscode-nls/-/vscode-nls-2.0.2.tgz",
        "ws": "https://registry.npmjs.org/ws/-/ws-1.1.4.tgz"
      }
    },
    "vscode-debugadapter": {
      "version": "https://registry.npmjs.org/vscode-debugadapter/-/vscode-debugadapter-1.24.0.tgz",
      "integrity": "sha1-KAY7AcyorB5fehPRGOMgem6If/0=",
      "dev": true,
      "requires": {
        "vscode-debugprotocol": "https://registry.npmjs.org/vscode-debugprotocol/-/vscode-debugprotocol-1.24.0.tgz"
      }
    },
    "vscode-debugadapter-testsupport": {
      "version": "1.25.0",
      "resolved": "https://registry.npmjs.org/vscode-debugadapter-testsupport/-/vscode-debugadapter-testsupport-1.25.0.tgz",
      "integrity": "sha512-6E2N7CoH7B0KEDvI9mFVFt4H+dRFDhtj3PmLVjNojfZ1VZZS2yfhE0XO0E5Axdhef3zTpUU6WZoeOOMVFGZGIg==",
      "requires": {
        "vscode-debugprotocol": "1.25.0"
      },
      "dependencies": {
        "vscode-debugprotocol": {
          "version": "1.25.0",
          "resolved": "https://registry.npmjs.org/vscode-debugprotocol/-/vscode-debugprotocol-1.25.0.tgz",
          "integrity": "sha512-e1EUy/5npqa0NlAwRCUu8A9LnVRf6tkwiPQcCLyUFCC9o2GxcAqH5Va4mqXDoxQ58ar3zODivKQeRb3z1KH7WA=="
        }
      }
    },
    "vscode-debugprotocol": {
      "version": "https://registry.npmjs.org/vscode-debugprotocol/-/vscode-debugprotocol-1.24.0.tgz",
      "integrity": "sha1-28EOjX2VsQJyehmvPw/O9+JSsI4=",
      "dev": true
    },
    "vscode-nls": {
      "version": "https://registry.npmjs.org/vscode-nls/-/vscode-nls-2.0.2.tgz",
      "integrity": "sha1-gIUiOAhEuK0VNJmvXDsDkhrqAto=",
      "dev": true
    },
    "wrappy": {
      "version": "https://registry.npmjs.org/wrappy/-/wrappy-1.0.2.tgz",
      "integrity": "sha1-tSQ9jz7BqjXxNkYFvA0QNuMKtp8=",
      "dev": true
    },
    "ws": {
      "version": "https://registry.npmjs.org/ws/-/ws-1.1.4.tgz",
      "integrity": "sha1-V/QNA2gy5fUFVmKjl8Tedu1mv2E=",
      "dev": true,
      "requires": {
        "options": "https://registry.npmjs.org/options/-/options-0.0.6.tgz",
        "ultron": "https://registry.npmjs.org/ultron/-/ultron-1.0.2.tgz"
      }
    }
  }
}
